
Microsoft Visual Studio Solution File, Format Version 12.00
# Visual Studio Version 17
VisualStudioVersion = 17.5.002.0
MinimumVisualStudioVersion = 10.0.40219.1
Project("{9A19103F-16F7-4668-BE54-9A1E7A4F7556}") = "WebMVC", "WebMVC.csproj", "{740297E1-1CA7-4508-A360-A9802A547EC3}"
EndProject
Global
	GlobalSection(SolutionConfigurationPlatforms) = preSolution
		Debug|Any CPU = Debug|Any CPU
		Release|Any CPU = Release|Any CPU
	EndGlobalSection
	GlobalSection(ProjectConfigurationPlatforms) = postSolution
		{740297E1-1CA7-4508-A360-A9802A547EC3}.Debug|Any CPU.ActiveCfg = Debug|Any CPU
		{740297E1-1CA7-4508-A360-A9802A547EC3}.Debug|Any CPU.Build.0 = Debug|Any CPU
		{740297E1-1CA7-4508-A360-A9802A547EC3}.Release|Any CPU.ActiveCfg = Release|Any CPU
		{740297E1-1CA7-4508-A360-A9802A547EC3}.Release|Any CPU.Build.0 = Release|Any CPU
	EndGlobalSection
	GlobalSection(SolutionProperties) = preSolution
		HideSolutionNode = FALSE
	EndGlobalSection
	GlobalSection(ExtensibilityGlobals) = postSolution
		SolutionGuid = {5EAF892E-BDF3-47E8-BCC2-0EEF4C5F8796}
	EndGlobalSection
EndGlobal
